{
  "version": 4,
  "terraform_version": "1.9.2",
  "serial": 15,
  "lineage": "74c82111-805d-1483-ff0d-4e97a9bcd2e2",
  "outputs": {
    "kinesis_stream_arn": {
      "value": "arn:aws:kinesis:us-west-2:892783310175:stream/my_kinesis_stream",
      "type": "string"
    },
    "lambda_function_arn": {
      "value": "arn:aws:lambda:us-west-2:892783310175:function:kinesis_lambda",
      "type": "string"
    },
    "s3_bucket_name": {
      "value": "mlops-zoomcamp-project-bucket",
      "type": "string"
    }
  },
  "resources": [
    {
      "mode": "managed",
      "type": "aws_iam_role",
      "name": "lambda_role",
      "provider": "provider[\"registry.terraform.io/hashicorp/aws\"]",
      "instances": [
        {
          "schema_version": 0,
          "attributes": {
            "arn": "arn:aws:iam::892783310175:role/lambda-kinesis-role",
            "assume_role_policy": "{\"Statement\":[{\"Action\":\"sts:AssumeRole\",\"Effect\":\"Allow\",\"Principal\":{\"Service\":\"lambda.amazonaws.com\"}}],\"Version\":\"2012-10-17\"}",
            "create_date": "2024-07-13T22:49:03Z",
            "description": "",
            "force_detach_policies": false,
            "id": "lambda-kinesis-role",
            "inline_policy": [],
            "managed_policy_arns": [
              "arn:aws:iam::aws:policy/service-role/AWSLambdaKinesisExecutionRole"
            ],
            "max_session_duration": 3600,
            "name": "lambda-kinesis-role",
            "name_prefix": "",
            "path": "/",
            "permissions_boundary": "",
            "tags": {},
            "tags_all": {},
            "unique_id": "AROA47XQIGVP7DZBCJEOX"
          },
          "sensitive_attributes": [],
          "private": "bnVsbA=="
        }
      ]
    },
    {
      "mode": "managed",
      "type": "aws_iam_role_policy_attachment",
      "name": "lambda_policy_attachment",
      "provider": "provider[\"registry.terraform.io/hashicorp/aws\"]",
      "instances": [
        {
          "schema_version": 0,
          "attributes": {
            "id": "lambda-kinesis-role-20240713224904341600000001",
            "policy_arn": "arn:aws:iam::aws:policy/service-role/AWSLambdaKinesisExecutionRole",
            "role": "lambda-kinesis-role"
          },
          "sensitive_attributes": [],
          "private": "bnVsbA==",
          "dependencies": [
            "aws_iam_role.lambda_role"
          ]
        }
      ]
    },
    {
      "mode": "managed",
      "type": "aws_kinesis_stream",
      "name": "my_stream",
      "provider": "provider[\"registry.terraform.io/hashicorp/aws\"]",
      "instances": [
        {
          "schema_version": 1,
          "attributes": {
            "arn": "arn:aws:kinesis:us-west-2:892783310175:stream/my_kinesis_stream",
            "encryption_type": "NONE",
            "enforce_consumer_deletion": false,
            "id": "arn:aws:kinesis:us-west-2:892783310175:stream/my_kinesis_stream",
            "kms_key_id": "",
            "name": "my_kinesis_stream",
            "retention_period": 24,
            "shard_count": 1,
            "shard_level_metrics": [],
            "stream_mode_details": [
              {
                "stream_mode": "PROVISIONED"
              }
            ],
            "tags": {},
            "tags_all": {},
            "timeouts": null
          },
          "sensitive_attributes": [],
          "private": "eyJlMmJmYjczMC1lY2FhLTExZTYtOGY4OC0zNDM2M2JjN2M0YzAiOnsiY3JlYXRlIjozMDAwMDAwMDAwMDAsImRlbGV0ZSI6NzIwMDAwMDAwMDAwMCwidXBkYXRlIjo3MjAwMDAwMDAwMDAwfSwic2NoZW1hX3ZlcnNpb24iOiIxIn0="
        }
      ]
    },
    {
      "mode": "managed",
      "type": "aws_lambda_event_source_mapping",
      "name": "kinesis_event",
      "provider": "provider[\"registry.terraform.io/hashicorp/aws\"]",
      "instances": [
        {
          "schema_version": 0,
          "attributes": {
            "amazon_managed_kafka_event_source_config": [],
            "batch_size": 100,
            "bisect_batch_on_function_error": false,
            "destination_config": [
              {
                "on_failure": [
                  {
                    "destination_arn": null
                  }
                ]
              }
            ],
            "document_db_event_source_config": [],
            "enabled": true,
            "event_source_arn": "arn:aws:kinesis:us-west-2:892783310175:stream/my_kinesis_stream",
            "filter_criteria": [],
            "function_arn": "arn:aws:lambda:us-west-2:892783310175:function:kinesis_lambda",
            "function_name": "arn:aws:lambda:us-west-2:892783310175:function:kinesis_lambda",
            "function_response_types": [],
            "id": "52ad9c3f-c357-4022-9d03-55639940146d",
            "last_modified": "2024-07-13T22:50:00Z",
            "last_processing_result": "No records processed",
            "maximum_batching_window_in_seconds": 0,
            "maximum_record_age_in_seconds": -1,
            "maximum_retry_attempts": -1,
            "parallelization_factor": 1,
            "queues": [],
            "scaling_config": [],
            "self_managed_event_source": [],
            "self_managed_kafka_event_source_config": [],
            "source_access_configuration": [],
            "starting_position": "LATEST",
            "starting_position_timestamp": "",
            "state": "Enabled",
            "state_transition_reason": "User action",
            "topics": [],
            "tumbling_window_in_seconds": 0,
            "uuid": "52ad9c3f-c357-4022-9d03-55639940146d"
          },
          "sensitive_attributes": [],
          "private": "bnVsbA==",
          "dependencies": [
            "aws_iam_role.lambda_role",
            "aws_kinesis_stream.my_stream",
            "aws_lambda_function.kinesis_lambda"
          ]
        }
      ]
    },
    {
      "mode": "managed",
      "type": "aws_lambda_function",
      "name": "kinesis_lambda",
      "provider": "provider[\"registry.terraform.io/hashicorp/aws\"]",
      "instances": [
        {
          "schema_version": 0,
          "attributes": {
            "architectures": [
              "x86_64"
            ],
            "arn": "arn:aws:lambda:us-west-2:892783310175:function:kinesis_lambda",
            "code_sha256": "F+5QEoXgIuO7ZnTUZxumQ+Imxs6lmYstDFJrGiDXKgw=",
            "code_signing_config_arn": "",
            "dead_letter_config": [],
            "description": "",
            "environment": [
              {
                "variables": {
                  "BUCKET_NAME": "mlops-zoomcamp-project-bucket"
                }
              }
            ],
            "ephemeral_storage": [
              {
                "size": 512
              }
            ],
            "file_system_config": [],
            "filename": "lambda_function.zip",
            "function_name": "kinesis_lambda",
            "handler": "lambda_function.lambda_handler",
            "id": "kinesis_lambda",
            "image_config": [],
            "image_uri": "",
            "invoke_arn": "arn:aws:apigateway:us-west-2:lambda:path/2015-03-31/functions/arn:aws:lambda:us-west-2:892783310175:function:kinesis_lambda/invocations",
            "kms_key_arn": "",
            "last_modified": "2024-07-13T22:53:57.000+0000",
            "layers": [],
            "logging_config": [
              {
                "application_log_level": "",
                "log_format": "Text",
                "log_group": "/aws/lambda/kinesis_lambda",
                "system_log_level": ""
              }
            ],
            "memory_size": 128,
            "package_type": "Zip",
            "publish": false,
            "qualified_arn": "arn:aws:lambda:us-west-2:892783310175:function:kinesis_lambda:$LATEST",
            "qualified_invoke_arn": "arn:aws:apigateway:us-west-2:lambda:path/2015-03-31/functions/arn:aws:lambda:us-west-2:892783310175:function:kinesis_lambda:$LATEST/invocations",
            "replace_security_groups_on_destroy": null,
            "replacement_security_group_ids": null,
            "reserved_concurrent_executions": -1,
            "role": "arn:aws:iam::892783310175:role/lambda-kinesis-role",
            "runtime": "python3.8",
            "s3_bucket": null,
            "s3_key": null,
            "s3_object_version": null,
            "signing_job_arn": "",
            "signing_profile_version_arn": "",
            "skip_destroy": false,
            "snap_start": [],
            "source_code_hash": "F+5QEoXgIuO7ZnTUZxumQ+Imxs6lmYstDFJrGiDXKgw=",
            "source_code_size": 362,
            "tags": {},
            "tags_all": {},
            "timeout": 3,
            "timeouts": null,
            "tracing_config": [
              {
                "mode": "PassThrough"
              }
            ],
            "version": "$LATEST",
            "vpc_config": []
          },
          "sensitive_attributes": [],
          "private": "eyJlMmJmYjczMC1lY2FhLTExZTYtOGY4OC0zNDM2M2JjN2M0YzAiOnsiY3JlYXRlIjo2MDAwMDAwMDAwMDAsImRlbGV0ZSI6NjAwMDAwMDAwMDAwLCJ1cGRhdGUiOjYwMDAwMDAwMDAwMH19",
          "dependencies": [
            "aws_iam_role.lambda_role"
          ]
        }
      ]
    },
    {
      "mode": "managed",
      "type": "aws_s3_bucket",
      "name": "model_bucket",
      "provider": "provider[\"registry.terraform.io/hashicorp/aws\"]",
      "instances": [
        {
          "schema_version": 0,
          "attributes": {
            "acceleration_status": "",
            "acl": null,
            "arn": "arn:aws:s3:::mlops-zoomcamp-project-bucket",
            "bucket": "mlops-zoomcamp-project-bucket",
            "bucket_domain_name": "mlops-zoomcamp-project-bucket.s3.amazonaws.com",
            "bucket_prefix": "",
            "bucket_regional_domain_name": "mlops-zoomcamp-project-bucket.s3.us-west-2.amazonaws.com",
            "cors_rule": [],
            "force_destroy": false,
            "grant": [
              {
                "id": "d00b3320bba6a5276c8f03d607e802dcc27bef4822eea55a5ceb41839e26f06b",
                "permissions": [
                  "FULL_CONTROL"
                ],
                "type": "CanonicalUser",
                "uri": ""
              }
            ],
            "hosted_zone_id": "Z3BJ6K6RIION7M",
            "id": "mlops-zoomcamp-project-bucket",
            "lifecycle_rule": [],
            "logging": [],
            "object_lock_configuration": [],
            "object_lock_enabled": false,
            "policy": "",
            "region": "us-west-2",
            "replication_configuration": [],
            "request_payer": "BucketOwner",
            "server_side_encryption_configuration": [
              {
                "rule": [
                  {
                    "apply_server_side_encryption_by_default": [
                      {
                        "kms_master_key_id": "",
                        "sse_algorithm": "AES256"
                      }
                    ],
                    "bucket_key_enabled": false
                  }
                ]
              }
            ],
            "tags": {},
            "tags_all": {},
            "timeouts": null,
            "versioning": [
              {
                "enabled": false,
                "mfa_delete": false
              }
            ],
            "website": [],
            "website_domain": null,
            "website_endpoint": null
          },
          "sensitive_attributes": [],
          "private": "eyJlMmJmYjczMC1lY2FhLTExZTYtOGY4OC0zNDM2M2JjN2M0YzAiOnsiY3JlYXRlIjoxMjAwMDAwMDAwMDAwLCJkZWxldGUiOjM2MDAwMDAwMDAwMDAsInJlYWQiOjEyMDAwMDAwMDAwMDAsInVwZGF0ZSI6MTIwMDAwMDAwMDAwMH19"
        }
      ]
    },
    {
      "mode": "managed",
      "type": "aws_s3_object",
      "name": "model",
      "provider": "provider[\"registry.terraform.io/hashicorp/aws\"]",
      "instances": [
        {
          "schema_version": 0,
          "attributes": {
            "acl": null,
            "arn": "arn:aws:s3:::mlops-zoomcamp-project-bucket/fashion_mnist_model_final.h5",
            "bucket": "mlops-zoomcamp-project-bucket",
            "bucket_key_enabled": false,
            "cache_control": "",
            "checksum_algorithm": null,
            "checksum_crc32": "",
            "checksum_crc32c": "",
            "checksum_sha1": "",
            "checksum_sha256": "",
            "content": null,
            "content_base64": null,
            "content_disposition": "",
            "content_encoding": "",
            "content_language": "",
            "content_type": "application/octet-stream",
            "etag": "3abe201c355352f01f98fec5d95d7e6b",
            "force_destroy": false,
            "id": "fashion_mnist_model_final.h5",
            "key": "fashion_mnist_model_final.h5",
            "kms_key_id": null,
            "metadata": {},
            "object_lock_legal_hold_status": "",
            "object_lock_mode": "",
            "object_lock_retain_until_date": "",
            "override_provider": [],
            "server_side_encryption": "AES256",
            "source": "/Users/oelghareeb/Fashion_MNIST_MLOps/data/fashion_mnist_model_final.h5",
            "source_hash": null,
            "storage_class": "STANDARD",
            "tags": {},
            "tags_all": {},
            "version_id": "",
            "website_redirect": ""
          },
          "sensitive_attributes": [],
          "private": "bnVsbA==",
          "dependencies": [
            "aws_s3_bucket.model_bucket"
          ]
        }
      ]
    }
  ],
  "check_results": null
}
